
Microsoft Visual Studio Solution File, Format Version 12.00
# Visual Studio Version 16
VisualStudioVersion = 16.0.31105.61
MinimumVisualStudioVersion = 10.0.40219.1
Project("{FAE04EC0-301F-11D3-BF4B-00C04F79EFBC}") = "Zad1", "Zad1\Zad1.csproj", "{FC076D27-5C50-4C16-BBCC-AD9606758183}"
EndProject
Global
	GlobalSection(SolutionConfigurationPlatforms) = preSolution
		Debug|Any CPU = Debug|Any CPU
		Release|Any CPU = Release|Any CPU
	EndGlobalSection
	GlobalSection(ProjectConfigurationPlatforms) = postSolution
		{FC076D27-5C50-4C16-BBCC-AD9606758183}.Debug|Any CPU.ActiveCfg = Debug|Any CPU
		{FC076D27-5C50-4C16-BBCC-AD9606758183}.Debug|Any CPU.Build.0 = Debug|Any CPU
		{FC076D27-5C50-4C16-BBCC-AD9606758183}.Release|Any CPU.ActiveCfg = Release|Any CPU
		{FC076D27-5C50-4C16-BBCC-AD9606758183}.Release|Any CPU.Build.0 = Release|Any CPU
	EndGlobalSection
	GlobalSection(SolutionProperties) = preSolution
		HideSolutionNode = FALSE
	EndGlobalSection
	GlobalSection(ExtensibilityGlobals) = postSolution
		SolutionGuid = {D6A8BDA6-DAF3-4DAE-89D4-E4BBC408E496}
	EndGlobalSection
EndGlobal
